
Microsoft Visual Studio Solution File, Format Version 9.00
# Visual Studio 2005
Project("{FAE04EC0-301F-11D3-BF4B-00C04F79EFBC}") = "CustomCursor_30sharp", "CustomCursor_30sharp\CustomCursor_30sharp.csproj", "{4178CC65-65CE-4F1D-924F-C4AE53CB24F2}"
EndProject
Global
	GlobalSection(SolutionConfigurationPlatforms) = preSolution
		Debug|Any CPU = Debug|Any CPU
		Release|Any CPU = Release|Any CPU
	EndGlobalSection
	GlobalSection(ProjectConfigurationPlatforms) = postSolution
		{4178CC65-65CE-4F1D-924F-C4AE53CB24F2}.Debug|Any CPU.ActiveCfg = Debug|Any CPU
		{4178CC65-65CE-4F1D-924F-C4AE53CB24F2}.Debug|Any CPU.Build.0 = Debug|Any CPU
		{4178CC65-65CE-4F1D-924F-C4AE53CB24F2}.Release|Any CPU.ActiveCfg = Release|Any CPU
		{4178CC65-65CE-4F1D-924F-C4AE53CB24F2}.Release|Any CPU.Build.0 = Release|Any CPU
	EndGlobalSection
	GlobalSection(SolutionProperties) = preSolution
		HideSolutionNode = FALSE
	EndGlobalSection
EndGlobal
